
Microsoft Visual Studio Solution File, Format Version 12.00
# Visual Studio Version 17
VisualStudioVersion = 17.5.33414.496
MinimumVisualStudioVersion = 10.0.40219.1
Project("{FAE04EC0-301F-11D3-BF4B-00C04F79EFBC}") = "Employeeproject", "Employeeproject\Employeeproject.csproj", "{6B37F91D-A349-42DD-A9E3-DF187889DFA2}"
EndProject
Global
	GlobalSection(SolutionConfigurationPlatforms) = preSolution
		Debug|Any CPU = Debug|Any CPU
		Release|Any CPU = Release|Any CPU
	EndGlobalSection
	GlobalSection(ProjectConfigurationPlatforms) = postSolution
		{6B37F91D-A349-42DD-A9E3-DF187889DFA2}.Debug|Any CPU.ActiveCfg = Debug|Any CPU
		{6B37F91D-A349-42DD-A9E3-DF187889DFA2}.Debug|Any CPU.Build.0 = Debug|Any CPU
		{6B37F91D-A349-42DD-A9E3-DF187889DFA2}.Release|Any CPU.ActiveCfg = Release|Any CPU
		{6B37F91D-A349-42DD-A9E3-DF187889DFA2}.Release|Any CPU.Build.0 = Release|Any CPU
	EndGlobalSection
	GlobalSection(SolutionProperties) = preSolution
		HideSolutionNode = FALSE
	EndGlobalSection
	GlobalSection(ExtensibilityGlobals) = postSolution
		SolutionGuid = {B789BB5A-66B6-4876-955A-B4D6F1649D5D}
	EndGlobalSection
EndGlobal
